// !$*UTF8*$!
{
	archiveVersion = 1;
	classes = {
	};
	objectVersion = 51;
	objects = {

/* Begin PBXBuildFile section */
		4360BC2E24D0F896004F7250 /* ProfileViewController.swift in Sources */ = {isa = PBXBuildFile; fileRef = 4360BC2B24D0F896004F7250 /* ProfileViewController.swift */; };
		4360BC3024D0F896004F7250 /* Profile.storyboard in Resources */ = {isa = PBXBuildFile; fileRef = 4360BC2D24D0F896004F7250 /* Profile.storyboard */; };
		4360BC3224D10D65004F7250 /* Profilers.swift in Sources */ = {isa = PBXBuildFile; fileRef = 4360BC3124D10D65004F7250 /* Profilers.swift */; };
		640483FF24AF84DF0068BE53 /* LocationViewController.swift in Sources */ = {isa = PBXBuildFile; fileRef = 640483FE24AF84DF0068BE53 /* LocationViewController.swift */; };
		64088A5624B3F87000E44A40 /* PlacesHomeViewController.swift in Sources */ = {isa = PBXBuildFile; fileRef = 64088A5524B3F87000E44A40 /* PlacesHomeViewController.swift */; };
		640C0A77243B5E0F006413B8 /* SU_PassViewController.swift in Sources */ = {isa = PBXBuildFile; fileRef = 640C0A76243B5E0F006413B8 /* SU_PassViewController.swift */; };
		640C0A79243BA3B2006413B8 /* TCViewController.swift in Sources */ = {isa = PBXBuildFile; fileRef = 640C0A78243BA3B2006413B8 /* TCViewController.swift */; };
		641204D3243CBE2E00818054 /* SU_FinalViewController.swift in Sources */ = {isa = PBXBuildFile; fileRef = 641204D2243CBE2E00818054 /* SU_FinalViewController.swift */; };
		641204D6243CC3D400818054 /* Login.storyboard in Resources */ = {isa = PBXBuildFile; fileRef = 641204D5243CC3D400818054 /* Login.storyboard */; };
		641204D8243CC46F00818054 /* LoginViewController.swift in Sources */ = {isa = PBXBuildFile; fileRef = 641204D7243CC46F00818054 /* LoginViewController.swift */; };
		641D44F02485720A00539D16 /* Places.storyboard in Resources */ = {isa = PBXBuildFile; fileRef = 641D44EF2485720A00539D16 /* Places.storyboard */; };
		641D44F22485723F00539D16 /* SpotSelectorViewController.swift in Sources */ = {isa = PBXBuildFile; fileRef = 641D44F12485723F00539D16 /* SpotSelectorViewController.swift */; };
		641D5D69245CE0F3009F9FEE /* ProfileEditorViewController.swift in Sources */ = {isa = PBXBuildFile; fileRef = 641D5D68245CE0F3009F9FEE /* ProfileEditorViewController.swift */; };
		641D5D6B245D15AE009F9FEE /* ProfileEditor2ViewController.swift in Sources */ = {isa = PBXBuildFile; fileRef = 641D5D6A245D15AE009F9FEE /* ProfileEditor2ViewController.swift */; };
		642453F6245673770006075B /* Home.storyboard in Resources */ = {isa = PBXBuildFile; fileRef = 642453F5245673770006075B /* Home.storyboard */; };
		642453F8245673E00006075B /* HomeViewController.swift in Sources */ = {isa = PBXBuildFile; fileRef = 642453F7245673E00006075B /* HomeViewController.swift */; };
		6429C64D245A0C8E00373CE7 /* ContactsViewController.swift in Sources */ = {isa = PBXBuildFile; fileRef = 6429C64C245A0C8E00373CE7 /* ContactsViewController.swift */; };
		642B77432472B51E006575AF /* LastPageViewController.swift in Sources */ = {isa = PBXBuildFile; fileRef = 642B77422472B51E006575AF /* LastPageViewController.swift */; };
		642B77462472BAD6006575AF /* Guide.storyboard in Resources */ = {isa = PBXBuildFile; fileRef = 642B77452472BAD6006575AF /* Guide.storyboard */; };
		642B77482472BAF1006575AF /* GuideViewController.swift in Sources */ = {isa = PBXBuildFile; fileRef = 642B77472472BAF1006575AF /* GuideViewController.swift */; };
		642B774A2472BB29006575AF /* GuideContentViewController.swift in Sources */ = {isa = PBXBuildFile; fileRef = 642B77492472BB29006575AF /* GuideContentViewController.swift */; };
		6450060A2432765C00F7444C /* AppDelegate.swift in Sources */ = {isa = PBXBuildFile; fileRef = 645006092432765C00F7444C /* AppDelegate.swift */; };
		6450060C2432765C00F7444C /* SceneDelegate.swift in Sources */ = {isa = PBXBuildFile; fileRef = 6450060B2432765C00F7444C /* SceneDelegate.swift */; };
		645006112432765C00F7444C /* Main.storyboard in Resources */ = {isa = PBXBuildFile; fileRef = 6450060F2432765C00F7444C /* Main.storyboard */; };
		645006142432765C00F7444C /* BeeBants.xcdatamodeld in Sources */ = {isa = PBXBuildFile; fileRef = 645006122432765C00F7444C /* BeeBants.xcdatamodeld */; };
		645006162432765D00F7444C /* Assets.xcassets in Resources */ = {isa = PBXBuildFile; fileRef = 645006152432765D00F7444C /* Assets.xcassets */; };
		645006192432765D00F7444C /* LaunchScreen.storyboard in Resources */ = {isa = PBXBuildFile; fileRef = 645006172432765D00F7444C /* LaunchScreen.storyboard */; };
		64500623243285BA00F7444C /* MainViewController.swift in Sources */ = {isa = PBXBuildFile; fileRef = 64500622243285BA00F7444C /* MainViewController.swift */; };
		64627C922439EB04008F9DF0 /* DateTextField.swift in Sources */ = {isa = PBXBuildFile; fileRef = 64627C912439EB04008F9DF0 /* DateTextField.swift */; };
		6469B17124AE156200702D33 /* DataStructures.swift in Sources */ = {isa = PBXBuildFile; fileRef = 6469B17024AE156200702D33 /* DataStructures.swift */; };
		6469B17324AE1A6C00702D33 /* LoaderViewController.swift in Sources */ = {isa = PBXBuildFile; fileRef = 6469B17224AE1A6C00702D33 /* LoaderViewController.swift */; };
		6469B17524AE346E00702D33 /* PlacesPageViewController.swift in Sources */ = {isa = PBXBuildFile; fileRef = 6469B17424AE346E00702D33 /* PlacesPageViewController.swift */; };
		646D9CD5245694C5003D0518 /* SOContainerViewController.swift in Sources */ = {isa = PBXBuildFile; fileRef = 646D9CD4245694C5003D0518 /* SOContainerViewController.swift */; };
		646D9CD724569509003D0518 /* SOSide.swift in Sources */ = {isa = PBXBuildFile; fileRef = 646D9CD624569509003D0518 /* SOSide.swift */; };
		646D9CD924569527003D0518 /* SidebarOverlay.h in Sources */ = {isa = PBXBuildFile; fileRef = 646D9CD824569527003D0518 /* SidebarOverlay.h */; };
		646D9CDB24569550003D0518 /* UIViewController.swift in Sources */ = {isa = PBXBuildFile; fileRef = 646D9CDA24569550003D0518 /* UIViewController.swift */; };
		646D9CDD24569891003D0518 /* MenuViewController.swift in Sources */ = {isa = PBXBuildFile; fileRef = 646D9CDC24569891003D0518 /* MenuViewController.swift */; };
		64766250243612A300ED9CE1 /* Auxiliary.swift in Sources */ = {isa = PBXBuildFile; fileRef = 6476624F243612A300ED9CE1 /* Auxiliary.swift */; };
		64766252243625D700ED9CE1 /* Validation.swift in Sources */ = {isa = PBXBuildFile; fileRef = 64766251243625D700ED9CE1 /* Validation.swift */; };
		6476625424362FB300ED9CE1 /* SU_DateNationViewController.swift in Sources */ = {isa = PBXBuildFile; fileRef = 6476625324362FB300ED9CE1 /* SU_DateNationViewController.swift */; };
		647BFDF9243D661E00322397 /* GoogleService-Info.plist in Resources */ = {isa = PBXBuildFile; fileRef = 647BFDF8243D661E00322397 /* GoogleService-Info.plist */; };
		647BFDFB243E0CFF00322397 /* RecoveryPasswordViewController.swift in Sources */ = {isa = PBXBuildFile; fileRef = 647BFDFA243E0CFF00322397 /* RecoveryPasswordViewController.swift */; };
		64A93D3F2459FA23005A8DCA /* AboutViewController.swift in Sources */ = {isa = PBXBuildFile; fileRef = 64A93D3E2459FA23005A8DCA /* AboutViewController.swift */; };
		64AE578724349ED2003AC66A /* SignUpViewController.swift in Sources */ = {isa = PBXBuildFile; fileRef = 64AE578624349ED2003AC66A /* SignUpViewController.swift */; };
		64AE578924349EDE003AC66A /* SignUpPageViewController.swift in Sources */ = {isa = PBXBuildFile; fileRef = 64AE578824349EDE003AC66A /* SignUpPageViewController.swift */; };
		64AE578B2434FB28003AC66A /* SU_NameEmailViewController.swift in Sources */ = {isa = PBXBuildFile; fileRef = 64AE578A2434FB28003AC66A /* SU_NameEmailViewController.swift */; };
		64AEB00124349C7A009D70BB /* Signup.storyboard in Resources */ = {isa = PBXBuildFile; fileRef = 64AEB00024349C7A009D70BB /* Signup.storyboard */; };
		64C72008243CEFB20057E84C /* LostPasswordViewController.swift in Sources */ = {isa = PBXBuildFile; fileRef = 64C72007243CEFB20057E84C /* LostPasswordViewController.swift */; };
		64D3162F24AFFB7200177A17 /* SpotViewController.swift in Sources */ = {isa = PBXBuildFile; fileRef = 64D3162E24AFFB7200177A17 /* SpotViewController.swift */; };
		64EA2611245A48B300C3CC33 /* 2.storyboard in Resources */ = {isa = PBXBuildFile; fileRef = 64EA2610245A48B300C3CC33 /* 2.storyboard */; };
		64EA2613245B009D00C3CC33 /* ProfileViewerViewController.swift in Sources */ = {isa = PBXBuildFile; fileRef = 64EA2612245B009D00C3CC33 /* ProfileViewerViewController.swift */; };
		64F4276E24328F1D00E4FB3B /* Poppins-Black.ttf in Resources */ = {isa = PBXBuildFile; fileRef = 6450062A243289A300F7444C /* Poppins-Black.ttf */; };
		64F4276F24328F2000E4FB3B /* Poppins-BlackItalic.ttf in Resources */ = {isa = PBXBuildFile; fileRef = 64500629243289A300F7444C /* Poppins-BlackItalic.ttf */; };
		64F4277024328F2000E4FB3B /* Poppins-Bold.ttf in Resources */ = {isa = PBXBuildFile; fileRef = 64500631243289A300F7444C /* Poppins-Bold.ttf */; };
		64F4277124328F2000E4FB3B /* Poppins-BoldItalic.ttf in Resources */ = {isa = PBXBuildFile; fileRef = 64500636243289A400F7444C /* Poppins-BoldItalic.ttf */; };
		64F4277224328F2000E4FB3B /* Poppins-ExtraBold.ttf in Resources */ = {isa = PBXBuildFile; fileRef = 64500630243289A300F7444C /* Poppins-ExtraBold.ttf */; };
		64F4277324328F2000E4FB3B /* Poppins-ExtraBoldItalic.ttf in Resources */ = {isa = PBXBuildFile; fileRef = 64500637243289A400F7444C /* Poppins-ExtraBoldItalic.ttf */; };
		64F4277424328F2000E4FB3B /* Poppins-ExtraLight.ttf in Resources */ = {isa = PBXBuildFile; fileRef = 64500626243289A300F7444C /* Poppins-ExtraLight.ttf */; };
		64F4277524328F2000E4FB3B /* Poppins-ExtraLightItalic.ttf in Resources */ = {isa = PBXBuildFile; fileRef = 64500635243289A300F7444C /* Poppins-ExtraLightItalic.ttf */; };
		64F4277624328F2000E4FB3B /* Poppins-Italic.ttf in Resources */ = {isa = PBXBuildFile; fileRef = 6450062B243289A300F7444C /* Poppins-Italic.ttf */; };
		64F4277724328F2000E4FB3B /* Poppins-Light.ttf in Resources */ = {isa = PBXBuildFile; fileRef = 64500633243289A300F7444C /* Poppins-Light.ttf */; };
		64F4277824328F2000E4FB3B /* Poppins-LightItalic.ttf in Resources */ = {isa = PBXBuildFile; fileRef = 64500632243289A300F7444C /* Poppins-LightItalic.ttf */; };
		64F4277924328F2000E4FB3B /* Poppins-Medium.ttf in Resources */ = {isa = PBXBuildFile; fileRef = 6450062F243289A300F7444C /* Poppins-Medium.ttf */; };
		64F4277A24328F2000E4FB3B /* Poppins-MediumItalic.ttf in Resources */ = {isa = PBXBuildFile; fileRef = 64500628243289A300F7444C /* Poppins-MediumItalic.ttf */; };
		64F4277B24328F2000E4FB3B /* Poppins-Regular.ttf in Resources */ = {isa = PBXBuildFile; fileRef = 64500634243289A300F7444C /* Poppins-Regular.ttf */; };
		64F4277C24328F2000E4FB3B /* Poppins-SemiBold.ttf in Resources */ = {isa = PBXBuildFile; fileRef = 6450062C243289A300F7444C /* Poppins-SemiBold.ttf */; };
		64F4277D24328F2000E4FB3B /* Poppins-SemiBoldItalic.ttf in Resources */ = {isa = PBXBuildFile; fileRef = 6450062D243289A300F7444C /* Poppins-SemiBoldItalic.ttf */; };
		64F4277E24328F2000E4FB3B /* Poppins-Thin.ttf in Resources */ = {isa = PBXBuildFile; fileRef = 64500627243289A300F7444C /* Poppins-Thin.ttf */; };
		64F4277F24328F2000E4FB3B /* Poppins-ThinItalic.ttf in Resources */ = {isa = PBXBuildFile; fileRef = 6450062E243289A300F7444C /* Poppins-ThinItalic.ttf */; };
		64F4278224328FAD00E4FB3B /* MainStyling.swift in Sources */ = {isa = PBXBuildFile; fileRef = 64F4278124328FAD00E4FB3B /* MainStyling.swift */; };
		64F67465243E85E1003AC7DE /* HowTo.storyboard in Resources */ = {isa = PBXBuildFile; fileRef = 64F67464243E85E1003AC7DE /* HowTo.storyboard */; };
		64F67469243E86DA003AC7DE /* HowToViewController.swift in Sources */ = {isa = PBXBuildFile; fileRef = 64F67468243E86DA003AC7DE /* HowToViewController.swift */; };
		64F6746B243F360D003AC7DE /* ContentViewController.swift in Sources */ = {isa = PBXBuildFile; fileRef = 64F6746A243F360D003AC7DE /* ContentViewController.swift */; };
		8857FCF5D01B68B3F112E14A /* Pods_BeeBants.framework in Frameworks */ = {isa = PBXBuildFile; fileRef = 6E09F48DF8907519EEBD8671 /* Pods_BeeBants.framework */; };
/* End PBXBuildFile section */

/* Begin PBXFileReference section */
		1368BBAE759620045F5E7913 /* Pods-BeeBants.release.xcconfig */ = {isa = PBXFileReference; includeInIndex = 1; lastKnownFileType = text.xcconfig; name = "Pods-BeeBants.release.xcconfig"; path = "Target Support Files/Pods-BeeBants/Pods-BeeBants.release.xcconfig"; sourceTree = "<group>"; };
		27930CB0B6C7BFB528FBE278 /* Pods-BeeBants.debug.xcconfig */ = {isa = PBXFileReference; includeInIndex = 1; lastKnownFileType = text.xcconfig; name = "Pods-BeeBants.debug.xcconfig"; path = "Target Support Files/Pods-BeeBants/Pods-BeeBants.debug.xcconfig"; sourceTree = "<group>"; };
		4360BC2B24D0F896004F7250 /* ProfileViewController.swift */ = {isa = PBXFileReference; fileEncoding = 4; lastKnownFileType = sourcecode.swift; path = ProfileViewController.swift; sourceTree = "<group>"; };
		4360BC2D24D0F896004F7250 /* Profile.storyboard */ = {isa = PBXFileReference; fileEncoding = 4; lastKnownFileType = file.storyboard; path = Profile.storyboard; sourceTree = "<group>"; };
		4360BC3124D10D65004F7250 /* Profilers.swift */ = {isa = PBXFileReference; lastKnownFileType = sourcecode.swift; path = Profilers.swift; sourceTree = "<group>"; };
		640483FE24AF84DF0068BE53 /* LocationViewController.swift */ = {isa = PBXFileReference; lastKnownFileType = sourcecode.swift; path = LocationViewController.swift; sourceTree = "<group>"; };
		64088A5524B3F87000E44A40 /* PlacesHomeViewController.swift */ = {isa = PBXFileReference; lastKnownFileType = sourcecode.swift; path = PlacesHomeViewController.swift; sourceTree = "<group>"; };
		640C0A76243B5E0F006413B8 /* SU_PassViewController.swift */ = {isa = PBXFileReference; lastKnownFileType = sourcecode.swift; path = SU_PassViewController.swift; sourceTree = "<group>"; };
		640C0A78243BA3B2006413B8 /* TCViewController.swift */ = {isa = PBXFileReference; lastKnownFileType = sourcecode.swift; path = TCViewController.swift; sourceTree = "<group>"; };
		641204D2243CBE2E00818054 /* SU_FinalViewController.swift */ = {isa = PBXFileReference; lastKnownFileType = sourcecode.swift; path = SU_FinalViewController.swift; sourceTree = "<group>"; };
		641204D5243CC3D400818054 /* Login.storyboard */ = {isa = PBXFileReference; lastKnownFileType = file.storyboard; path = Login.storyboard; sourceTree = "<group>"; };
		641204D7243CC46F00818054 /* LoginViewController.swift */ = {isa = PBXFileReference; lastKnownFileType = sourcecode.swift; path = LoginViewController.swift; sourceTree = "<group>"; };
		641D44EF2485720A00539D16 /* Places.storyboard */ = {isa = PBXFileReference; lastKnownFileType = file.storyboard; path = Places.storyboard; sourceTree = "<group>"; };
		641D44F12485723F00539D16 /* SpotSelectorViewController.swift */ = {isa = PBXFileReference; lastKnownFileType = sourcecode.swift; path = SpotSelectorViewController.swift; sourceTree = "<group>"; };
		641D5D68245CE0F3009F9FEE /* ProfileEditorViewController.swift */ = {isa = PBXFileReference; lastKnownFileType = sourcecode.swift; path = ProfileEditorViewController.swift; sourceTree = "<group>"; };
		641D5D6A245D15AE009F9FEE /* ProfileEditor2ViewController.swift */ = {isa = PBXFileReference; lastKnownFileType = sourcecode.swift; path = ProfileEditor2ViewController.swift; sourceTree = "<group>"; };
		642453F5245673770006075B /* Home.storyboard */ = {isa = PBXFileReference; lastKnownFileType = file.storyboard; path = Home.storyboard; sourceTree = "<group>"; };
		642453F7245673E00006075B /* HomeViewController.swift */ = {isa = PBXFileReference; lastKnownFileType = sourcecode.swift; path = HomeViewController.swift; sourceTree = "<group>"; };
		6429C64C245A0C8E00373CE7 /* ContactsViewController.swift */ = {isa = PBXFileReference; lastKnownFileType = sourcecode.swift; path = ContactsViewController.swift; sourceTree = "<group>"; };
		642B77422472B51E006575AF /* LastPageViewController.swift */ = {isa = PBXFileReference; lastKnownFileType = sourcecode.swift; path = LastPageViewController.swift; sourceTree = "<group>"; };
		642B77452472BAD6006575AF /* Guide.storyboard */ = {isa = PBXFileReference; lastKnownFileType = file.storyboard; path = Guide.storyboard; sourceTree = "<group>"; };
		642B77472472BAF1006575AF /* GuideViewController.swift */ = {isa = PBXFileReference; lastKnownFileType = sourcecode.swift; path = GuideViewController.swift; sourceTree = "<group>"; };
		642B77492472BB29006575AF /* GuideContentViewController.swift */ = {isa = PBXFileReference; lastKnownFileType = sourcecode.swift; path = GuideContentViewController.swift; sourceTree = "<group>"; };
		645006062432765C00F7444C /* BeeBants.app */ = {isa = PBXFileReference; explicitFileType = wrapper.application; includeInIndex = 0; path = BeeBants.app; sourceTree = BUILT_PRODUCTS_DIR; };
		645006092432765C00F7444C /* AppDelegate.swift */ = {isa = PBXFileReference; lastKnownFileType = sourcecode.swift; path = AppDelegate.swift; sourceTree = "<group>"; };
		6450060B2432765C00F7444C /* SceneDelegate.swift */ = {isa = PBXFileReference; lastKnownFileType = sourcecode.swift; path = SceneDelegate.swift; sourceTree = "<group>"; };
		645006102432765C00F7444C /* Base */ = {isa = PBXFileReference; lastKnownFileType = file.storyboard; name = Base; path = Base.lproj/Main.storyboard; sourceTree = "<group>"; };
		645006132432765C00F7444C /* BeeBants.xcdatamodel */ = {isa = PBXFileReference; lastKnownFileType = wrapper.xcdatamodel; path = BeeBants.xcdatamodel; sourceTree = "<group>"; };
		645006152432765D00F7444C /* Assets.xcassets */ = {isa = PBXFileReference; lastKnownFileType = folder.assetcatalog; path = Assets.xcassets; sourceTree = "<group>"; };
		645006182432765D00F7444C /* Base */ = {isa = PBXFileReference; lastKnownFileType = file.storyboard; name = Base; path = Base.lproj/LaunchScreen.storyboard; sourceTree = "<group>"; };
		6450061A2432765D00F7444C /* Info.plist */ = {isa = PBXFileReference; lastKnownFileType = text.plist.xml; path = Info.plist; sourceTree = "<group>"; };
		64500622243285BA00F7444C /* MainViewController.swift */ = {isa = PBXFileReference; lastKnownFileType = sourcecode.swift; path = MainViewController.swift; sourceTree = "<group>"; };
		64500626243289A300F7444C /* Poppins-ExtraLight.ttf */ = {isa = PBXFileReference; lastKnownFileType = file; path = "Poppins-ExtraLight.ttf"; sourceTree = "<group>"; };
		64500627243289A300F7444C /* Poppins-Thin.ttf */ = {isa = PBXFileReference; lastKnownFileType = file; path = "Poppins-Thin.ttf"; sourceTree = "<group>"; };
		64500628243289A300F7444C /* Poppins-MediumItalic.ttf */ = {isa = PBXFileReference; lastKnownFileType = file; path = "Poppins-MediumItalic.ttf"; sourceTree = "<group>"; };
		64500629243289A300F7444C /* Poppins-BlackItalic.ttf */ = {isa = PBXFileReference; lastKnownFileType = file; path = "Poppins-BlackItalic.ttf"; sourceTree = "<group>"; };
		6450062A243289A300F7444C /* Poppins-Black.ttf */ = {isa = PBXFileReference; lastKnownFileType = file; path = "Poppins-Black.ttf"; sourceTree = "<group>"; };
		6450062B243289A300F7444C /* Poppins-Italic.ttf */ = {isa = PBXFileReference; lastKnownFileType = file; path = "Poppins-Italic.ttf"; sourceTree = "<group>"; };
		6450062C243289A300F7444C /* Poppins-SemiBold.ttf */ = {isa = PBXFileReference; lastKnownFileType = file; path = "Poppins-SemiBold.ttf"; sourceTree = "<group>"; };
		6450062D243289A300F7444C /* Poppins-SemiBoldItalic.ttf */ = {isa = PBXFileReference; lastKnownFileType = file; path = "Poppins-SemiBoldItalic.ttf"; sourceTree = "<group>"; };
		6450062E243289A300F7444C /* Poppins-ThinItalic.ttf */ = {isa = PBXFileReference; lastKnownFileType = file; path = "Poppins-ThinItalic.ttf"; sourceTree = "<group>"; };
		6450062F243289A300F7444C /* Poppins-Medium.ttf */ = {isa = PBXFileReference; lastKnownFileType = file; path = "Poppins-Medium.ttf"; sourceTree = "<group>"; };
		64500630243289A300F7444C /* Poppins-ExtraBold.ttf */ = {isa = PBXFileReference; lastKnownFileType = file; path = "Poppins-ExtraBold.ttf"; sourceTree = "<group>"; };
		64500631243289A300F7444C /* Poppins-Bold.ttf */ = {isa = PBXFileReference; lastKnownFileType = file; path = "Poppins-Bold.ttf"; sourceTree = "<group>"; };
		64500632243289A300F7444C /* Poppins-LightItalic.ttf */ = {isa = PBXFileReference; lastKnownFileType = file; path = "Poppins-LightItalic.ttf"; sourceTree = "<group>"; };
		64500633243289A300F7444C /* Poppins-Light.ttf */ = {isa = PBXFileReference; lastKnownFileType = file; path = "Poppins-Light.ttf"; sourceTree = "<group>"; };
		64500634243289A300F7444C /* Poppins-Regular.ttf */ = {isa = PBXFileReference; lastKnownFileType = file; path = "Poppins-Regular.ttf"; sourceTree = "<group>"; };
		64500635243289A300F7444C /* Poppins-ExtraLightItalic.ttf */ = {isa = PBXFileReference; lastKnownFileType = file; path = "Poppins-ExtraLightItalic.ttf"; sourceTree = "<group>"; };
		64500636243289A400F7444C /* Poppins-BoldItalic.ttf */ = {isa = PBXFileReference; lastKnownFileType = file; path = "Poppins-BoldItalic.ttf"; sourceTree = "<group>"; };
		64500637243289A400F7444C /* Poppins-ExtraBoldItalic.ttf */ = {isa = PBXFileReference; lastKnownFileType = file; path = "Poppins-ExtraBoldItalic.ttf"; sourceTree = "<group>"; };
		64627C912439EB04008F9DF0 /* DateTextField.swift */ = {isa = PBXFileReference; fileEncoding = 4; lastKnownFileType = sourcecode.swift; path = DateTextField.swift; sourceTree = "<group>"; };
		6469B17024AE156200702D33 /* DataStructures.swift */ = {isa = PBXFileReference; lastKnownFileType = sourcecode.swift; path = DataStructures.swift; sourceTree = "<group>"; };
		6469B17224AE1A6C00702D33 /* LoaderViewController.swift */ = {isa = PBXFileReference; lastKnownFileType = sourcecode.swift; path = LoaderViewController.swift; sourceTree = "<group>"; };
		6469B17424AE346E00702D33 /* PlacesPageViewController.swift */ = {isa = PBXFileReference; lastKnownFileType = sourcecode.swift; path = PlacesPageViewController.swift; sourceTree = "<group>"; };
		646D9CD4245694C5003D0518 /* SOContainerViewController.swift */ = {isa = PBXFileReference; lastKnownFileType = sourcecode.swift; path = SOContainerViewController.swift; sourceTree = "<group>"; };
		646D9CD624569509003D0518 /* SOSide.swift */ = {isa = PBXFileReference; lastKnownFileType = sourcecode.swift; path = SOSide.swift; sourceTree = "<group>"; };
		646D9CD824569527003D0518 /* SidebarOverlay.h */ = {isa = PBXFileReference; lastKnownFileType = sourcecode.c.h; path = SidebarOverlay.h; sourceTree = "<group>"; };
		646D9CDA24569550003D0518 /* UIViewController.swift */ = {isa = PBXFileReference; lastKnownFileType = sourcecode.swift; path = UIViewController.swift; sourceTree = "<group>"; };
		646D9CDC24569891003D0518 /* MenuViewController.swift */ = {isa = PBXFileReference; lastKnownFileType = sourcecode.swift; path = MenuViewController.swift; sourceTree = "<group>"; };
		6476624F243612A300ED9CE1 /* Auxiliary.swift */ = {isa = PBXFileReference; lastKnownFileType = sourcecode.swift; path = Auxiliary.swift; sourceTree = "<group>"; };
		64766251243625D700ED9CE1 /* Validation.swift */ = {isa = PBXFileReference; lastKnownFileType = sourcecode.swift; path = Validation.swift; sourceTree = "<group>"; };
		6476625324362FB300ED9CE1 /* SU_DateNationViewController.swift */ = {isa = PBXFileReference; lastKnownFileType = sourcecode.swift; path = SU_DateNationViewController.swift; sourceTree = "<group>"; };
		647BFDF8243D661E00322397 /* GoogleService-Info.plist */ = {isa = PBXFileReference; fileEncoding = 4; lastKnownFileType = text.plist.xml; path = "GoogleService-Info.plist"; sourceTree = "<group>"; };
		647BFDFA243E0CFF00322397 /* RecoveryPasswordViewController.swift */ = {isa = PBXFileReference; lastKnownFileType = sourcecode.swift; path = RecoveryPasswordViewController.swift; sourceTree = "<group>"; };
		64A93D3E2459FA23005A8DCA /* AboutViewController.swift */ = {isa = PBXFileReference; lastKnownFileType = sourcecode.swift; path = AboutViewController.swift; sourceTree = "<group>"; };
		64AE578624349ED2003AC66A /* SignUpViewController.swift */ = {isa = PBXFileReference; lastKnownFileType = sourcecode.swift; path = SignUpViewController.swift; sourceTree = "<group>"; };
		64AE578824349EDE003AC66A /* SignUpPageViewController.swift */ = {isa = PBXFileReference; lastKnownFileType = sourcecode.swift; path = SignUpPageViewController.swift; sourceTree = "<group>"; };
		64AE578A2434FB28003AC66A /* SU_NameEmailViewController.swift */ = {isa = PBXFileReference; lastKnownFileType = sourcecode.swift; path = SU_NameEmailViewController.swift; sourceTree = "<group>"; };
		64AEB00024349C7A009D70BB /* Signup.storyboard */ = {isa = PBXFileReference; lastKnownFileType = file.storyboard; path = Signup.storyboard; sourceTree = "<group>"; };
		64C72007243CEFB20057E84C /* LostPasswordViewController.swift */ = {isa = PBXFileReference; lastKnownFileType = sourcecode.swift; path = LostPasswordViewController.swift; sourceTree = "<group>"; };
		64D3162E24AFFB7200177A17 /* SpotViewController.swift */ = {isa = PBXFileReference; lastKnownFileType = sourcecode.swift; path = SpotViewController.swift; sourceTree = "<group>"; };
		64EA2610245A48B300C3CC33 /* 2.storyboard */ = {isa = PBXFileReference; lastKnownFileType = file.storyboard; path = 2.storyboard; sourceTree = "<group>"; };
		64EA2612245B009D00C3CC33 /* ProfileViewerViewController.swift */ = {isa = PBXFileReference; lastKnownFileType = sourcecode.swift; path = ProfileViewerViewController.swift; sourceTree = "<group>"; };
		64F4278124328FAD00E4FB3B /* MainStyling.swift */ = {isa = PBXFileReference; lastKnownFileType = sourcecode.swift; path = MainStyling.swift; sourceTree = "<group>"; };
		64F67464243E85E1003AC7DE /* HowTo.storyboard */ = {isa = PBXFileReference; lastKnownFileType = file.storyboard; path = HowTo.storyboard; sourceTree = "<group>"; };
		64F67468243E86DA003AC7DE /* HowToViewController.swift */ = {isa = PBXFileReference; lastKnownFileType = sourcecode.swift; path = HowToViewController.swift; sourceTree = "<group>"; };
		64F6746A243F360D003AC7DE /* ContentViewController.swift */ = {isa = PBXFileReference; lastKnownFileType = sourcecode.swift; path = ContentViewController.swift; sourceTree = "<group>"; };
		6E09F48DF8907519EEBD8671 /* Pods_BeeBants.framework */ = {isa = PBXFileReference; explicitFileType = wrapper.framework; includeInIndex = 0; path = Pods_BeeBants.framework; sourceTree = BUILT_PRODUCTS_DIR; };
/* End PBXFileReference section */

/* Begin PBXFrameworksBuildPhase section */
		645006032432765C00F7444C /* Frameworks */ = {
			isa = PBXFrameworksBuildPhase;
			buildActionMask = 2147483647;
			files = (
				8857FCF5D01B68B3F112E14A /* Pods_BeeBants.framework in Frameworks */,
			);
			runOnlyForDeploymentPostprocessing = 0;
		};
/* End PBXFrameworksBuildPhase section */

/* Begin PBXGroup section */
		091816B1C7DF39FFFC628FBB /* Pods */ = {
			isa = PBXGroup;
			children = (
				27930CB0B6C7BFB528FBE278 /* Pods-BeeBants.debug.xcconfig */,
				1368BBAE759620045F5E7913 /* Pods-BeeBants.release.xcconfig */,
			);
			path = Pods;
			sourceTree = "<group>";
		};
		4360BC2424D0F4CE004F7250 /* Profile */ = {
			isa = PBXGroup;
			children = (
				4360BC2D24D0F896004F7250 /* Profile.storyboard */,
				4360BC2B24D0F896004F7250 /* ProfileViewController.swift */,
				4360BC3124D10D65004F7250 /* Profilers.swift */,
			);
			path = Profile;
			sourceTree = "<group>";
		};
		641204D4243CC3C000818054 /* Login */ = {
			isa = PBXGroup;
			children = (
				641204D5243CC3D400818054 /* Login.storyboard */,
				641204D7243CC46F00818054 /* LoginViewController.swift */,
				64C72007243CEFB20057E84C /* LostPasswordViewController.swift */,
				647BFDFA243E0CFF00322397 /* RecoveryPasswordViewController.swift */,
			);
			path = Login;
			sourceTree = "<group>";
		};
		641A2C70243E2A6B00F1408A /* HowTo */ = {
			isa = PBXGroup;
			children = (
				64F67464243E85E1003AC7DE /* HowTo.storyboard */,
				64F67468243E86DA003AC7DE /* HowToViewController.swift */,
				64F6746A243F360D003AC7DE /* ContentViewController.swift */,
				642B77422472B51E006575AF /* LastPageViewController.swift */,
			);
			path = HowTo;
			sourceTree = "<group>";
		};
		641D44EE248571F800539D16 /* Places */ = {
			isa = PBXGroup;
			children = (
				641D44EF2485720A00539D16 /* Places.storyboard */,
				6469B17424AE346E00702D33 /* PlacesPageViewController.swift */,
				641D44F12485723F00539D16 /* SpotSelectorViewController.swift */,
				640483FE24AF84DF0068BE53 /* LocationViewController.swift */,
				64D3162E24AFFB7200177A17 /* SpotViewController.swift */,
				6469B17224AE1A6C00702D33 /* LoaderViewController.swift */,
				6469B17024AE156200702D33 /* DataStructures.swift */,
				64088A5524B3F87000E44A40 /* PlacesHomeViewController.swift */,
			);
			path = Places;
			sourceTree = "<group>";
		};
		642453F4245673660006075B /* MainApp */ = {
			isa = PBXGroup;
			children = (
				642B77442472BAB9006575AF /* Guide */,
				641D44EE248571F800539D16 /* Places */,
				642453F5245673770006075B /* Home.storyboard */,
				642453F7245673E00006075B /* HomeViewController.swift */,
				646D9CDC24569891003D0518 /* MenuViewController.swift */,
				64A93D3E2459FA23005A8DCA /* AboutViewController.swift */,
				6429C64C245A0C8E00373CE7 /* ContactsViewController.swift */,
			);
			path = MainApp;
			sourceTree = "<group>";
		};
		642B77442472BAB9006575AF /* Guide */ = {
			isa = PBXGroup;
			children = (
				642B77452472BAD6006575AF /* Guide.storyboard */,
				642B77472472BAF1006575AF /* GuideViewController.swift */,
				642B77492472BB29006575AF /* GuideContentViewController.swift */,
			);
			path = Guide;
			sourceTree = "<group>";
		};
		645005FD2432765C00F7444C = {
			isa = PBXGroup;
			children = (
				645006082432765C00F7444C /* BeeBants */,
				645006072432765C00F7444C /* Products */,
				091816B1C7DF39FFFC628FBB /* Pods */,
				B9A219134F897FA39508B84D /* Frameworks */,
			);
			sourceTree = "<group>";
		};
		645006072432765C00F7444C /* Products */ = {
			isa = PBXGroup;
			children = (
				645006062432765C00F7444C /* BeeBants.app */,
			);
			name = Products;
			sourceTree = "<group>";
		};
		645006082432765C00F7444C /* BeeBants */ = {
			isa = PBXGroup;
			children = (
				4360BC2424D0F4CE004F7250 /* Profile */,
				64EA260F245A48A300C3CC33 /* Profile2 */,
				642453F4245673660006075B /* MainApp */,
				64AEAFFE24349C64009D70BB /* Authentication */,
				645006172432765D00F7444C /* LaunchScreen.storyboard */,
				6450060F2432765C00F7444C /* Main.storyboard */,
				64500622243285BA00F7444C /* MainViewController.swift */,
				645006092432765C00F7444C /* AppDelegate.swift */,
				6450060B2432765C00F7444C /* SceneDelegate.swift */,
				6450061A2432765D00F7444C /* Info.plist */,
				647BFDF8243D661E00322397 /* GoogleService-Info.plist */,
				645006122432765C00F7444C /* BeeBants.xcdatamodeld */,
				645006152432765D00F7444C /* Assets.xcassets */,
				64F4278024328F9000E4FB3B /* Styling */,
				645006242432897000F7444C /* Support Files */,
			);
			path = BeeBants;
			sourceTree = "<group>";
		};
		645006242432897000F7444C /* Support Files */ = {
			isa = PBXGroup;
			children = (
				646D9CD324569493003D0518 /* SidebarOverlay */,
				64E457F7243A892000AC892A /* PickerViewKeyboard */,
				6476624F243612A300ED9CE1 /* Auxiliary.swift */,
				64627C902439EAF8008F9DF0 /* DateTextField */,
				645006252432897900F7444C /* Fonts */,
			);
			path = "Support Files";
			sourceTree = "<group>";
		};
		645006252432897900F7444C /* Fonts */ = {
			isa = PBXGroup;
			children = (
				6450062A243289A300F7444C /* Poppins-Black.ttf */,
				64500629243289A300F7444C /* Poppins-BlackItalic.ttf */,
				64500631243289A300F7444C /* Poppins-Bold.ttf */,
				64500636243289A400F7444C /* Poppins-BoldItalic.ttf */,
				64500630243289A300F7444C /* Poppins-ExtraBold.ttf */,
				64500637243289A400F7444C /* Poppins-ExtraBoldItalic.ttf */,
				64500626243289A300F7444C /* Poppins-ExtraLight.ttf */,
				64500635243289A300F7444C /* Poppins-ExtraLightItalic.ttf */,
				6450062B243289A300F7444C /* Poppins-Italic.ttf */,
				64500633243289A300F7444C /* Poppins-Light.ttf */,
				64500632243289A300F7444C /* Poppins-LightItalic.ttf */,
				6450062F243289A300F7444C /* Poppins-Medium.ttf */,
				64500628243289A300F7444C /* Poppins-MediumItalic.ttf */,
				64500634243289A300F7444C /* Poppins-Regular.ttf */,
				6450062C243289A300F7444C /* Poppins-SemiBold.ttf */,
				6450062D243289A300F7444C /* Poppins-SemiBoldItalic.ttf */,
				64500627243289A300F7444C /* Poppins-Thin.ttf */,
				6450062E243289A300F7444C /* Poppins-ThinItalic.ttf */,
			);
			path = Fonts;
			sourceTree = "<group>";
		};
		64627C902439EAF8008F9DF0 /* DateTextField */ = {
			isa = PBXGroup;
			children = (
				64627C912439EB04008F9DF0 /* DateTextField.swift */,
			);
			path = DateTextField;
			sourceTree = "<group>";
		};
		646D9CD324569493003D0518 /* SidebarOverlay */ = {
			isa = PBXGroup;
			children = (
				646D9CD4245694C5003D0518 /* SOContainerViewController.swift */,
				646D9CD624569509003D0518 /* SOSide.swift */,
				646D9CD824569527003D0518 /* SidebarOverlay.h */,
				646D9CDA24569550003D0518 /* UIViewController.swift */,
			);
			path = SidebarOverlay;
			sourceTree = "<group>";
		};
		64AEAFFE24349C64009D70BB /* Authentication */ = {
			isa = PBXGroup;
			children = (
				641204D4243CC3C000818054 /* Login */,
				64AEAFFF24349C6B009D70BB /* Signup */,
				641A2C70243E2A6B00F1408A /* HowTo */,
			);
			path = Authentication;
			sourceTree = "<group>";
		};
		64AEAFFF24349C6B009D70BB /* Signup */ = {
			isa = PBXGroup;
			children = (
				64AEB00024349C7A009D70BB /* Signup.storyboard */,
				64AE578624349ED2003AC66A /* SignUpViewController.swift */,
				64AE578824349EDE003AC66A /* SignUpPageViewController.swift */,
				64AE578A2434FB28003AC66A /* SU_NameEmailViewController.swift */,
				6476625324362FB300ED9CE1 /* SU_DateNationViewController.swift */,
				640C0A76243B5E0F006413B8 /* SU_PassViewController.swift */,
				641204D2243CBE2E00818054 /* SU_FinalViewController.swift */,
				640C0A78243BA3B2006413B8 /* TCViewController.swift */,
				64766251243625D700ED9CE1 /* Validation.swift */,
			);
			path = Signup;
			sourceTree = "<group>";
		};
		64E457F7243A892000AC892A /* PickerViewKeyboard */ = {
			isa = PBXGroup;
			children = (
			);
			path = PickerViewKeyboard;
			sourceTree = "<group>";
		};
		64EA260F245A48A300C3CC33 /* Profile2 */ = {
			isa = PBXGroup;
			children = (
				64EA2610245A48B300C3CC33 /* 2.storyboard */,
				641D5D6A245D15AE009F9FEE /* ProfileEditor2ViewController.swift */,
				64EA2612245B009D00C3CC33 /* ProfileViewerViewController.swift */,
				641D5D68245CE0F3009F9FEE /* ProfileEditorViewController.swift */,
			);
			path = Profile2;
			sourceTree = "<group>";
		};
		64F4278024328F9000E4FB3B /* Styling */ = {
			isa = PBXGroup;
			children = (
				64F4278124328FAD00E4FB3B /* MainStyling.swift */,
			);
			path = Styling;
			sourceTree = "<group>";
		};
		B9A219134F897FA39508B84D /* Frameworks */ = {
			isa = PBXGroup;
			children = (
				6E09F48DF8907519EEBD8671 /* Pods_BeeBants.framework */,
			);
			name = Frameworks;
			sourceTree = "<group>";
		};
/* End PBXGroup section */

/* Begin PBXNativeTarget section */
		645006052432765C00F7444C /* BeeBants */ = {
			isa = PBXNativeTarget;
			buildConfigurationList = 6450061D2432765D00F7444C /* Build configuration list for PBXNativeTarget "BeeBants" */;
			buildPhases = (
				8FC13B67B2A45D79A998E4A5 /* [CP] Check Pods Manifest.lock */,
				645006022432765C00F7444C /* Sources */,
				645006032432765C00F7444C /* Frameworks */,
				645006042432765C00F7444C /* Resources */,
				9414B784990B9DB8A70846AB /* [CP] Embed Pods Frameworks */,
			);
			buildRules = (
			);
			dependencies = (
			);
			name = BeeBants;
			productName = BeeBants;
			productReference = 645006062432765C00F7444C /* BeeBants.app */;
			productType = "com.apple.product-type.application";
		};
/* End PBXNativeTarget section */

/* Begin PBXProject section */
		645005FE2432765C00F7444C /* Project object */ = {
			isa = PBXProject;
			attributes = {
				LastSwiftUpdateCheck = 1130;
				LastUpgradeCheck = 1130;
				ORGANIZATIONNAME = BeeBants;
				TargetAttributes = {
					645006052432765C00F7444C = {
						CreatedOnToolsVersion = 11.3.1;
						LastSwiftMigration = 1140;
					};
				};
			};
			buildConfigurationList = 645006012432765C00F7444C /* Build configuration list for PBXProject "BeeBants" */;
			compatibilityVersion = "Xcode 9.3";
			developmentRegion = en;
			hasScannedForEncodings = 0;
			knownRegions = (
				en,
				Base,
			);
			mainGroup = 645005FD2432765C00F7444C;
			productRefGroup = 645006072432765C00F7444C /* Products */;
			projectDirPath = "";
			projectRoot = "";
			targets = (
				645006052432765C00F7444C /* BeeBants */,
			);
		};
/* End PBXProject section */

/* Begin PBXResourcesBuildPhase section */
		645006042432765C00F7444C /* Resources */ = {
			isa = PBXResourcesBuildPhase;
			buildActionMask = 2147483647;
			files = (
				64F4277424328F2000E4FB3B /* Poppins-ExtraLight.ttf in Resources */,
				64F4277D24328F2000E4FB3B /* Poppins-SemiBoldItalic.ttf in Resources */,
				64F4277A24328F2000E4FB3B /* Poppins-MediumItalic.ttf in Resources */,
				64F4277724328F2000E4FB3B /* Poppins-Light.ttf in Resources */,
				64F4276E24328F1D00E4FB3B /* Poppins-Black.ttf in Resources */,
				64F4277024328F2000E4FB3B /* Poppins-Bold.ttf in Resources */,
				64EA2611245A48B300C3CC33 /* 2.storyboard in Resources */,
				64F4277B24328F2000E4FB3B /* Poppins-Regular.ttf in Resources */,
				64F4277124328F2000E4FB3B /* Poppins-BoldItalic.ttf in Resources */,
				64F4277324328F2000E4FB3B /* Poppins-ExtraBoldItalic.ttf in Resources */,
				64F4277E24328F2000E4FB3B /* Poppins-Thin.ttf in Resources */,
				645006192432765D00F7444C /* LaunchScreen.storyboard in Resources */,
				4360BC3024D0F896004F7250 /* Profile.storyboard in Resources */,
				64F4277624328F2000E4FB3B /* Poppins-Italic.ttf in Resources */,
				64F4277F24328F2000E4FB3B /* Poppins-ThinItalic.ttf in Resources */,
				641D44F02485720A00539D16 /* Places.storyboard in Resources */,
				64F4277524328F2000E4FB3B /* Poppins-ExtraLightItalic.ttf in Resources */,
				64F4277924328F2000E4FB3B /* Poppins-Medium.ttf in Resources */,
				642453F6245673770006075B /* Home.storyboard in Resources */,
				64F4277824328F2000E4FB3B /* Poppins-LightItalic.ttf in Resources */,
				64AEB00124349C7A009D70BB /* Signup.storyboard in Resources */,
				647BFDF9243D661E00322397 /* GoogleService-Info.plist in Resources */,
				64F4277224328F2000E4FB3B /* Poppins-ExtraBold.ttf in Resources */,
				64F4276F24328F2000E4FB3B /* Poppins-BlackItalic.ttf in Resources */,
				64F4277C24328F2000E4FB3B /* Poppins-SemiBold.ttf in Resources */,
				64F67465243E85E1003AC7DE /* HowTo.storyboard in Resources */,
				645006162432765D00F7444C /* Assets.xcassets in Resources */,
				642B77462472BAD6006575AF /* Guide.storyboard in Resources */,
				641204D6243CC3D400818054 /* Login.storyboard in Resources */,
				645006112432765C00F7444C /* Main.storyboard in Resources */,
			);
			runOnlyForDeploymentPostprocessing = 0;
		};
/* End PBXResourcesBuildPhase section */

/* Begin PBXShellScriptBuildPhase section */
		8FC13B67B2A45D79A998E4A5 /* [CP] Check Pods Manifest.lock */ = {
			isa = PBXShellScriptBuildPhase;
			buildActionMask = 2147483647;
			files = (
			);
			inputFileListPaths = (
			);
			inputPaths = (
				"${PODS_PODFILE_DIR_PATH}/Podfile.lock",
				"${PODS_ROOT}/Manifest.lock",
			);
			name = "[CP] Check Pods Manifest.lock";
			outputFileListPaths = (
			);
			outputPaths = (
				"$(DERIVED_FILE_DIR)/Pods-BeeBants-checkManifestLockResult.txt",
			);
			runOnlyForDeploymentPostprocessing = 0;
			shellPath = /bin/sh;
			shellScript = "diff \"${PODS_PODFILE_DIR_PATH}/Podfile.lock\" \"${PODS_ROOT}/Manifest.lock\" > /dev/null\nif [ $? != 0 ] ; then\n    # print error to STDERR\n    echo \"error: The sandbox is not in sync with the Podfile.lock. Run 'pod install' or update your CocoaPods installation.\" >&2\n    exit 1\nfi\n# This output is used by Xcode 'outputs' to avoid re-running this script phase.\necho \"SUCCESS\" > \"${SCRIPT_OUTPUT_FILE_0}\"\n";
			showEnvVarsInLog = 0;
		};
		9414B784990B9DB8A70846AB /* [CP] Embed Pods Frameworks */ = {
			isa = PBXShellScriptBuildPhase;
			buildActionMask = 2147483647;
			files = (
			);
			inputFileListPaths = (
				"${PODS_ROOT}/Target Support Files/Pods-BeeBants/Pods-BeeBants-frameworks-${CONFIGURATION}-input-files.xcfilelist",
			);
			name = "[CP] Embed Pods Frameworks";
			outputFileListPaths = (
				"${PODS_ROOT}/Target Support Files/Pods-BeeBants/Pods-BeeBants-frameworks-${CONFIGURATION}-output-files.xcfilelist",
			);
			runOnlyForDeploymentPostprocessing = 0;
			shellPath = /bin/sh;
			shellScript = "\"${PODS_ROOT}/Target Support Files/Pods-BeeBants/Pods-BeeBants-frameworks.sh\"\n";
			showEnvVarsInLog = 0;
		};
/* End PBXShellScriptBuildPhase section */

/* Begin PBXSourcesBuildPhase section */
		645006022432765C00F7444C /* Sources */ = {
			isa = PBXSourcesBuildPhase;
			buildActionMask = 2147483647;
			files = (
				4360BC3224D10D65004F7250 /* Profilers.swift in Sources */,
				64F6746B243F360D003AC7DE /* ContentViewController.swift in Sources */,
				641D5D6B245D15AE009F9FEE /* ProfileEditor2ViewController.swift in Sources */,
				6429C64D245A0C8E00373CE7 /* ContactsViewController.swift in Sources */,
				64AE578724349ED2003AC66A /* SignUpViewController.swift in Sources */,
				646D9CD5245694C5003D0518 /* SOContainerViewController.swift in Sources */,
				64627C922439EB04008F9DF0 /* DateTextField.swift in Sources */,
				646D9CDB24569550003D0518 /* UIViewController.swift in Sources */,
				64088A5624B3F87000E44A40 /* PlacesHomeViewController.swift in Sources */,
				642B77432472B51E006575AF /* LastPageViewController.swift in Sources */,
				64D3162F24AFFB7200177A17 /* SpotViewController.swift in Sources */,
				6476625424362FB300ED9CE1 /* SU_DateNationViewController.swift in Sources */,
				640C0A79243BA3B2006413B8 /* TCViewController.swift in Sources */,
				646D9CDD24569891003D0518 /* MenuViewController.swift in Sources */,
				6469B17524AE346E00702D33 /* PlacesPageViewController.swift in Sources */,
				642453F8245673E00006075B /* HomeViewController.swift in Sources */,
				64F67469243E86DA003AC7DE /* HowToViewController.swift in Sources */,
				64AE578924349EDE003AC66A /* SignUpPageViewController.swift in Sources */,
				642B774A2472BB29006575AF /* GuideContentViewController.swift in Sources */,
				4360BC2E24D0F896004F7250 /* ProfileViewController.swift in Sources */,
				645006142432765C00F7444C /* BeeBants.xcdatamodeld in Sources */,
				64EA2613245B009D00C3CC33 /* ProfileViewerViewController.swift in Sources */,
				6469B17324AE1A6C00702D33 /* LoaderViewController.swift in Sources */,
				64A93D3F2459FA23005A8DCA /* AboutViewController.swift in Sources */,
				642B77482472BAF1006575AF /* GuideViewController.swift in Sources */,
				646D9CD924569527003D0518 /* SidebarOverlay.h in Sources */,
				646D9CD724569509003D0518 /* SOSide.swift in Sources */,
				6450060A2432765C00F7444C /* AppDelegate.swift in Sources */,
				64AE578B2434FB28003AC66A /* SU_NameEmailViewController.swift in Sources */,
				64F4278224328FAD00E4FB3B /* MainStyling.swift in Sources */,
				6450060C2432765C00F7444C /* SceneDelegate.swift in Sources */,
				6469B17124AE156200702D33 /* DataStructures.swift in Sources */,
				64C72008243CEFB20057E84C /* LostPasswordViewController.swift in Sources */,
				641204D3243CBE2E00818054 /* SU_FinalViewController.swift in Sources */,
				64500623243285BA00F7444C /* MainViewController.swift in Sources */,
				641204D8243CC46F00818054 /* LoginViewController.swift in Sources */,
				64766252243625D700ED9CE1 /* Validation.swift in Sources */,
				640483FF24AF84DF0068BE53 /* LocationViewController.swift in Sources */,
				641D44F22485723F00539D16 /* SpotSelectorViewController.swift in Sources */,
				640C0A77243B5E0F006413B8 /* SU_PassViewController.swift in Sources */,
				641D5D69245CE0F3009F9FEE /* ProfileEditorViewController.swift in Sources */,
				647BFDFB243E0CFF00322397 /* RecoveryPasswordViewController.swift in Sources */,
				64766250243612A300ED9CE1 /* Auxiliary.swift in Sources */,
			);
			runOnlyForDeploymentPostprocessing = 0;
		};
/* End PBXSourcesBuildPhase section */

/* Begin PBXVariantGroup section */
		6450060F2432765C00F7444C /* Main.storyboard */ = {
			isa = PBXVariantGroup;
			children = (
				645006102432765C00F7444C /* Base */,
			);
			name = Main.storyboard;
			sourceTree = "<group>";
		};
		645006172432765D00F7444C /* LaunchScreen.storyboard */ = {
			isa = PBXVariantGroup;
			children = (
				645006182432765D00F7444C /* Base */,
			);
			name = LaunchScreen.storyboard;
			sourceTree = "<group>";
		};
/* End PBXVariantGroup section */

/* Begin XCBuildConfiguration section */
		6450061B2432765D00F7444C /* Debug */ = {
			isa = XCBuildConfiguration;
			buildSettings = {
				ALWAYS_SEARCH_USER_PATHS = NO;
				CLANG_ANALYZER_NONNULL = YES;
				CLANG_ANALYZER_NUMBER_OBJECT_CONVERSION = YES_AGGRESSIVE;
				CLANG_CXX_LANGUAGE_STANDARD = "gnu++14";
				CLANG_CXX_LIBRARY = "libc++";
				CLANG_ENABLE_MODULES = YES;
				CLANG_ENABLE_OBJC_ARC = YES;
				CLANG_ENABLE_OBJC_WEAK = YES;
				CLANG_WARN_BLOCK_CAPTURE_AUTORELEASING = YES;
				CLANG_WARN_BOOL_CONVERSION = YES;
				CLANG_WARN_COMMA = YES;
				CLANG_WARN_CONSTANT_CONVERSION = YES;
				CLANG_WARN_DEPRECATED_OBJC_IMPLEMENTATIONS = YES;
				CLANG_WARN_DIRECT_OBJC_ISA_USAGE = YES_ERROR;
				CLANG_WARN_DOCUMENTATION_COMMENTS = YES;
				CLANG_WARN_EMPTY_BODY = YES;
				CLANG_WARN_ENUM_CONVERSION = YES;
				CLANG_WARN_INFINITE_RECURSION = YES;
				CLANG_WARN_INT_CONVERSION = YES;
				CLANG_WARN_NON_LITERAL_NULL_CONVERSION = YES;
				CLANG_WARN_OBJC_IMPLICIT_RETAIN_SELF = YES;
				CLANG_WARN_OBJC_LITERAL_CONVERSION = YES;
				CLANG_WARN_OBJC_ROOT_CLASS = YES_ERROR;
				CLANG_WARN_RANGE_LOOP_ANALYSIS = YES;
				CLANG_WARN_STRICT_PROTOTYPES = YES;
				CLANG_WARN_SUSPICIOUS_MOVE = YES;
				CLANG_WARN_UNGUARDED_AVAILABILITY = YES_AGGRESSIVE;
				CLANG_WARN_UNREACHABLE_CODE = YES;
				CLANG_WARN__DUPLICATE_METHOD_MATCH = YES;
				COPY_PHASE_STRIP = NO;
				DEBUG_INFORMATION_FORMAT = dwarf;
				ENABLE_STRICT_OBJC_MSGSEND = YES;
				ENABLE_TESTABILITY = YES;
				GCC_C_LANGUAGE_STANDARD = gnu11;
				GCC_DYNAMIC_NO_PIC = NO;
				GCC_NO_COMMON_BLOCKS = YES;
				GCC_OPTIMIZATION_LEVEL = 0;
				GCC_PREPROCESSOR_DEFINITIONS = (
					"DEBUG=1",
					"$(inherited)",
				);
				GCC_WARN_64_TO_32_BIT_CONVERSION = YES;
				GCC_WARN_ABOUT_RETURN_TYPE = YES_ERROR;
				GCC_WARN_UNDECLARED_SELECTOR = YES;
				GCC_WARN_UNINITIALIZED_AUTOS = YES_AGGRESSIVE;
				GCC_WARN_UNUSED_FUNCTION = YES;
				GCC_WARN_UNUSED_VARIABLE = YES;
				IPHONEOS_DEPLOYMENT_TARGET = 13.2;
				MTL_ENABLE_DEBUG_INFO = INCLUDE_SOURCE;
				MTL_FAST_MATH = YES;
				ONLY_ACTIVE_ARCH = YES;
				SDKROOT = iphoneos;
				SWIFT_ACTIVE_COMPILATION_CONDITIONS = DEBUG;
				SWIFT_OPTIMIZATION_LEVEL = "-Onone";
			};
			name = Debug;
		};
		6450061C2432765D00F7444C /* Release */ = {
			isa = XCBuildConfiguration;
			buildSettings = {
				ALWAYS_SEARCH_USER_PATHS = NO;
				CLANG_ANALYZER_NONNULL = YES;
				CLANG_ANALYZER_NUMBER_OBJECT_CONVERSION = YES_AGGRESSIVE;
				CLANG_CXX_LANGUAGE_STANDARD = "gnu++14";
				CLANG_CXX_LIBRARY = "libc++";
				CLANG_ENABLE_MODULES = YES;
				CLANG_ENABLE_OBJC_ARC = YES;
				CLANG_ENABLE_OBJC_WEAK = YES;
				CLANG_WARN_BLOCK_CAPTURE_AUTORELEASING = YES;
				CLANG_WARN_BOOL_CONVERSION = YES;
				CLANG_WARN_COMMA = YES;
				CLANG_WARN_CONSTANT_CONVERSION = YES;
				CLANG_WARN_DEPRECATED_OBJC_IMPLEMENTATIONS = YES;
				CLANG_WARN_DIRECT_OBJC_ISA_USAGE = YES_ERROR;
				CLANG_WARN_DOCUMENTATION_COMMENTS = YES;
				CLANG_WARN_EMPTY_BODY = YES;
				CLANG_WARN_ENUM_CONVERSION = YES;
				CLANG_WARN_INFINITE_RECURSION = YES;
				CLANG_WARN_INT_CONVERSION = YES;
				CLANG_WARN_NON_LITERAL_NULL_CONVERSION = YES;
				CLANG_WARN_OBJC_IMPLICIT_RETAIN_SELF = YES;
				CLANG_WARN_OBJC_LITERAL_CONVERSION = YES;
				CLANG_WARN_OBJC_ROOT_CLASS = YES_ERROR;
				CLANG_WARN_RANGE_LOOP_ANALYSIS = YES;
				CLANG_WARN_STRICT_PROTOTYPES = YES;
				CLANG_WARN_SUSPICIOUS_MOVE = YES;
				CLANG_WARN_UNGUARDED_AVAILABILITY = YES_AGGRESSIVE;
				CLANG_WARN_UNREACHABLE_CODE = YES;
				CLANG_WARN__DUPLICATE_METHOD_MATCH = YES;
				COPY_PHASE_STRIP = NO;
				DEBUG_INFORMATION_FORMAT = "dwarf-with-dsym";
				ENABLE_NS_ASSERTIONS = NO;
				ENABLE_STRICT_OBJC_MSGSEND = YES;
				GCC_C_LANGUAGE_STANDARD = gnu11;
				GCC_NO_COMMON_BLOCKS = YES;
				GCC_WARN_64_TO_32_BIT_CONVERSION = YES;
				GCC_WARN_ABOUT_RETURN_TYPE = YES_ERROR;
				GCC_WARN_UNDECLARED_SELECTOR = YES;
				GCC_WARN_UNINITIALIZED_AUTOS = YES_AGGRESSIVE;
				GCC_WARN_UNUSED_FUNCTION = YES;
				GCC_WARN_UNUSED_VARIABLE = YES;
				IPHONEOS_DEPLOYMENT_TARGET = 13.2;
				MTL_ENABLE_DEBUG_INFO = NO;
				MTL_FAST_MATH = YES;
				SDKROOT = iphoneos;
				SWIFT_COMPILATION_MODE = wholemodule;
				SWIFT_OPTIMIZATION_LEVEL = "-O";
				VALIDATE_PRODUCT = YES;
			};
			name = Release;
		};
		6450061E2432765D00F7444C /* Debug */ = {
			isa = XCBuildConfiguration;
			baseConfigurationReference = 27930CB0B6C7BFB528FBE278 /* Pods-BeeBants.debug.xcconfig */;
			buildSettings = {
				ASSETCATALOG_COMPILER_APPICON_NAME = AppIcon;
				CLANG_ENABLE_MODULES = YES;
				CODE_SIGN_STYLE = Automatic;
				DEVELOPMENT_TEAM = 36W374R25V;
				INFOPLIST_FILE = BeeBants/Info.plist;
				LD_RUNPATH_SEARCH_PATHS = (
					"$(inherited)",
					"@executable_path/Frameworks",
				);
				MARKETING_VERSION = 1.1.4;
				PRODUCT_BUNDLE_IDENTIFIER = BeeBants.BeeBants;
				PRODUCT_NAME = BeeBants;
				SWIFT_OPTIMIZATION_LEVEL = "-Onone";
				SWIFT_VERSION = 5.0;
				TARGETED_DEVICE_FAMILY = 1;
			};
			name = Debug;
		};
		6450061F2432765D00F7444C /* Release */ = {
			isa = XCBuildConfiguration;
			baseConfigurationReference = 1368BBAE759620045F5E7913 /* Pods-BeeBants.release.xcconfig */;
			buildSettings = {
				ASSETCATALOG_COMPILER_APPICON_NAME = AppIcon;
				CLANG_ENABLE_MODULES = YES;
				CODE_SIGN_STYLE = Automatic;
				DEVELOPMENT_TEAM = 36W374R25V;
				INFOPLIST_FILE = BeeBants/Info.plist;
				LD_RUNPATH_SEARCH_PATHS = (
					"$(inherited)",
					"@executable_path/Frameworks",
				);
				MARKETING_VERSION = 1.1.4;
				PRODUCT_BUNDLE_IDENTIFIER = BeeBants.BeeBants;
				PRODUCT_NAME = BeeBants;
				SWIFT_VERSION = 5.0;
				TARGETED_DEVICE_FAMILY = 1;
			};
			name = Release;
		};
/* End XCBuildConfiguration section */

/* Begin XCConfigurationList section */
		645006012432765C00F7444C /* Build configuration list for PBXProject "BeeBants" */ = {
			isa = XCConfigurationList;
			buildConfigurations = (
				6450061B2432765D00F7444C /* Debug */,
				6450061C2432765D00F7444C /* Release */,
			);
			defaultConfigurationIsVisible = 0;
			defaultConfigurationName = Release;
		};
		6450061D2432765D00F7444C /* Build configuration list for PBXNativeTarget "BeeBants" */ = {
			isa = XCConfigurationList;
			buildConfigurations = (
				6450061E2432765D00F7444C /* Debug */,
				6450061F2432765D00F7444C /* Release */,
			);
			defaultConfigurationIsVisible = 0;
			defaultConfigurationName = Release;
		};
/* End XCConfigurationList section */

/* Begin XCVersionGroup section */
		645006122432765C00F7444C /* BeeBants.xcdatamodeld */ = {
			isa = XCVersionGroup;
			children = (
				645006132432765C00F7444C /* BeeBants.xcdatamodel */,
			);
			currentVersion = 645006132432765C00F7444C /* BeeBants.xcdatamodel */;
			path = BeeBants.xcdatamodeld;
			sourceTree = "<group>";
			versionGroupType = wrapper.xcdatamodel;
		};
/* End XCVersionGroup section */
	};
	rootObject = 645005FE2432765C00F7444C /* Project object */;
}
