// !$*UTF8*$!
{
	archiveVersion = 1;
	classes = {
	};
	objectVersion = 50;
	objects = {

/* Begin PBXBuildFile section */
		6450060A2432765C00F7444C /* AppDelegate.swift in Sources */ = {isa = PBXBuildFile; fileRef = 645006092432765C00F7444C /* AppDelegate.swift */; };
		6450060C2432765C00F7444C /* SceneDelegate.swift in Sources */ = {isa = PBXBuildFile; fileRef = 6450060B2432765C00F7444C /* SceneDelegate.swift */; };
		6450060E2432765C00F7444C /* ViewController.swift in Sources */ = {isa = PBXBuildFile; fileRef = 6450060D2432765C00F7444C /* ViewController.swift */; };
		645006112432765C00F7444C /* Main.storyboard in Resources */ = {isa = PBXBuildFile; fileRef = 6450060F2432765C00F7444C /* Main.storyboard */; };
		645006142432765C00F7444C /* BeeBants.xcdatamodeld in Sources */ = {isa = PBXBuildFile; fileRef = 645006122432765C00F7444C /* BeeBants.xcdatamodeld */; };
		645006162432765D00F7444C /* Assets.xcassets in Resources */ = {isa = PBXBuildFile; fileRef = 645006152432765D00F7444C /* Assets.xcassets */; };
		645006192432765D00F7444C /* LaunchScreen.storyboard in Resources */ = {isa = PBXBuildFile; fileRef = 645006172432765D00F7444C /* LaunchScreen.storyboard */; };
/* End PBXBuildFile section */

/* Begin PBXFileReference section */
		645006062432765C00F7444C /* BeeBants.app */ = {isa = PBXFileReference; explicitFileType = wrapper.application; includeInIndex = 0; path = BeeBants.app; sourceTree = BUILT_PRODUCTS_DIR; };
		645006092432765C00F7444C /* AppDelegate.swift */ = {isa = PBXFileReference; lastKnownFileType = sourcecode.swift; path = AppDelegate.swift; sourceTree = "<group>"; };
		6450060B2432765C00F7444C /* SceneDelegate.swift */ = {isa = PBXFileReference; lastKnownFileType = sourcecode.swift; path = SceneDelegate.swift; sourceTree = "<group>"; };
		6450060D2432765C00F7444C /* ViewController.swift */ = {isa = PBXFileReference; lastKnownFileType = sourcecode.swift; path = ViewController.swift; sourceTree = "<group>"; };
		645006102432765C00F7444C /* Base */ = {isa = PBXFileReference; lastKnownFileType = file.storyboard; name = Base; path = Base.lproj/Main.storyboard; sourceTree = "<group>"; };
		645006132432765C00F7444C /* BeeBants.xcdatamodel */ = {isa = PBXFileReference; lastKnownFileType = wrapper.xcdatamodel; path = BeeBants.xcdatamodel; sourceTree = "<group>"; };
		645006152432765D00F7444C /* Assets.xcassets */ = {isa = PBXFileReference; lastKnownFileType = folder.assetcatalog; path = Assets.xcassets; sourceTree = "<group>"; };
		645006182432765D00F7444C /* Base */ = {isa = PBXFileReference; lastKnownFileType = file.storyboard; name = Base; path = Base.lproj/LaunchScreen.storyboard; sourceTree = "<group>"; };
		6450061A2432765D00F7444C /* Info.plist */ = {isa = PBXFileReference; lastKnownFileType = text.plist.xml; path = Info.plist; sourceTree = "<group>"; };
/* End PBXFileReference section */

/* Begin PBXFrameworksBuildPhase section */
		645006032432765C00F7444C /* Frameworks */ = {
			isa = PBXFrameworksBuildPhase;
			buildActionMask = 2147483647;
			files = (
			);
			runOnlyForDeploymentPostprocessing = 0;
		};
/* End PBXFrameworksBuildPhase section */

/* Begin PBXGroup section */
		645005FD2432765C00F7444C = {
			isa = PBXGroup;
			children = (
				645006082432765C00F7444C /* BeeBants */,
				645006072432765C00F7444C /* Products */,
			);
			sourceTree = "<group>";
		};
		645006072432765C00F7444C /* Products */ = {
			isa = PBXGroup;
			children = (
				645006062432765C00F7444C /* BeeBants.app */,
			);
			name = Products;
			sourceTree = "<group>";
		};
		645006082432765C00F7444C /* BeeBants */ = {
			isa = PBXGroup;
			children = (
				645006092432765C00F7444C /* AppDelegate.swift */,
				6450060B2432765C00F7444C /* SceneDelegate.swift */,
				6450060D2432765C00F7444C /* ViewController.swift */,
				6450060F2432765C00F7444C /* Main.storyboard */,
				645006152432765D00F7444C /* Assets.xcassets */,
				645006172432765D00F7444C /* LaunchScreen.storyboard */,
				6450061A2432765D00F7444C /* Info.plist */,
				645006122432765C00F7444C /* BeeBants.xcdatamodeld */,
			);
			path = BeeBants;
			sourceTree = "<group>";
		};
/* End PBXGroup section */

/* Begin PBXNativeTarget section */
		645006052432765C00F7444C /* BeeBants */ = {
			isa = PBXNativeTarget;
			buildConfigurationList = 6450061D2432765D00F7444C /* Build configuration list for PBXNativeTarget "BeeBants" */;
			buildPhases = (
				645006022432765C00F7444C /* Sources */,
				645006032432765C00F7444C /* Frameworks */,
				645006042432765C00F7444C /* Resources */,
			);
			buildRules = (
			);
			dependencies = (
			);
			name = BeeBants;
			productName = BeeBants;
			productReference = 645006062432765C00F7444C /* BeeBants.app */;
			productType = "com.apple.product-type.application";
		};
/* End PBXNativeTarget section */

/* Begin PBXProject section */
		645005FE2432765C00F7444C /* Project object */ = {
			isa = PBXProject;
			attributes = {
				LastSwiftUpdateCheck = 1130;
				LastUpgradeCheck = 1130;
				ORGANIZATIONNAME = BeeBants;
				TargetAttributes = {
					645006052432765C00F7444C = {
						CreatedOnToolsVersion = 11.3.1;
					};
				};
			};
			buildConfigurationList = 645006012432765C00F7444C /* Build configuration list for PBXProject "BeeBants" */;
			compatibilityVersion = "Xcode 9.3";
			developmentRegion = en;
			hasScannedForEncodings = 0;
			knownRegions = (
				en,
				Base,
			);
			mainGroup = 645005FD2432765C00F7444C;
			productRefGroup = 645006072432765C00F7444C /* Products */;
			projectDirPath = "";
			projectRoot = "";
			targets = (
				645006052432765C00F7444C /* BeeBants */,
			);
		};
/* End PBXProject section */

/* Begin PBXResourcesBuildPhase section */
		645006042432765C00F7444C /* Resources */ = {
			isa = PBXResourcesBuildPhase;
			buildActionMask = 2147483647;
			files = (
				645006192432765D00F7444C /* LaunchScreen.storyboard in Resources */,
				645006162432765D00F7444C /* Assets.xcassets in Resources */,
				645006112432765C00F7444C /* Main.storyboard in Resources */,
			);
			runOnlyForDeploymentPostprocessing = 0;
		};
/* End PBXResourcesBuildPhase section */

/* Begin PBXSourcesBuildPhase section */
		645006022432765C00F7444C /* Sources */ = {
			isa = PBXSourcesBuildPhase;
			buildActionMask = 2147483647;
			files = (
				6450060E2432765C00F7444C /* ViewController.swift in Sources */,
				645006142432765C00F7444C /* BeeBants.xcdatamodeld in Sources */,
				6450060A2432765C00F7444C /* AppDelegate.swift in Sources */,
				6450060C2432765C00F7444C /* SceneDelegate.swift in Sources */,
			);
			runOnlyForDeploymentPostprocessing = 0;
		};
/* End PBXSourcesBuildPhase section */

/* Begin PBXVariantGroup section */
		6450060F2432765C00F7444C /* Main.storyboard */ = {
			isa = PBXVariantGroup;
			children = (
				645006102432765C00F7444C /* Base */,
			);
			name = Main.storyboard;
			sourceTree = "<group>";
		};
		645006172432765D00F7444C /* LaunchScreen.storyboard */ = {
			isa = PBXVariantGroup;
			children = (
				645006182432765D00F7444C /* Base */,
			);
			name = LaunchScreen.storyboard;
			sourceTree = "<group>";
		};
/* End PBXVariantGroup section */

/* Begin XCBuildConfiguration section */
		6450061B2432765D00F7444C /* Debug */ = {
			isa = XCBuildConfiguration;
			buildSettings = {
				ALWAYS_SEARCH_USER_PATHS = NO;
				CLANG_ANALYZER_NONNULL = YES;
				CLANG_ANALYZER_NUMBER_OBJECT_CONVERSION = YES_AGGRESSIVE;
				CLANG_CXX_LANGUAGE_STANDARD = "gnu++14";
				CLANG_CXX_LIBRARY = "libc++";
				CLANG_ENABLE_MODULES = YES;
				CLANG_ENABLE_OBJC_ARC = YES;
				CLANG_ENABLE_OBJC_WEAK = YES;
				CLANG_WARN_BLOCK_CAPTURE_AUTORELEASING = YES;
				CLANG_WARN_BOOL_CONVERSION = YES;
				CLANG_WARN_COMMA = YES;
				CLANG_WARN_CONSTANT_CONVERSION = YES;
				CLANG_WARN_DEPRECATED_OBJC_IMPLEMENTATIONS = YES;
				CLANG_WARN_DIRECT_OBJC_ISA_USAGE = YES_ERROR;
				CLANG_WARN_DOCUMENTATION_COMMENTS = YES;
				CLANG_WARN_EMPTY_BODY = YES;
				CLANG_WARN_ENUM_CONVERSION = YES;
				CLANG_WARN_INFINITE_RECURSION = YES;
				CLANG_WARN_INT_CONVERSION = YES;
				CLANG_WARN_NON_LITERAL_NULL_CONVERSION = YES;
				CLANG_WARN_OBJC_IMPLICIT_RETAIN_SELF = YES;
				CLANG_WARN_OBJC_LITERAL_CONVERSION = YES;
				CLANG_WARN_OBJC_ROOT_CLASS = YES_ERROR;
				CLANG_WARN_RANGE_LOOP_ANALYSIS = YES;
				CLANG_WARN_STRICT_PROTOTYPES = YES;
				CLANG_WARN_SUSPICIOUS_MOVE = YES;
				CLANG_WARN_UNGUARDED_AVAILABILITY = YES_AGGRESSIVE;
				CLANG_WARN_UNREACHABLE_CODE = YES;
				CLANG_WARN__DUPLICATE_METHOD_MATCH = YES;
				COPY_PHASE_STRIP = NO;
				DEBUG_INFORMATION_FORMAT = dwarf;
				ENABLE_STRICT_OBJC_MSGSEND = YES;
				ENABLE_TESTABILITY = YES;
				GCC_C_LANGUAGE_STANDARD = gnu11;
				GCC_DYNAMIC_NO_PIC = NO;
				GCC_NO_COMMON_BLOCKS = YES;
				GCC_OPTIMIZATION_LEVEL = 0;
				GCC_PREPROCESSOR_DEFINITIONS = (
					"DEBUG=1",
					"$(inherited)",
				);
				GCC_WARN_64_TO_32_BIT_CONVERSION = YES;
				GCC_WARN_ABOUT_RETURN_TYPE = YES_ERROR;
				GCC_WARN_UNDECLARED_SELECTOR = YES;
				GCC_WARN_UNINITIALIZED_AUTOS = YES_AGGRESSIVE;
				GCC_WARN_UNUSED_FUNCTION = YES;
				GCC_WARN_UNUSED_VARIABLE = YES;
				IPHONEOS_DEPLOYMENT_TARGET = 13.2;
				MTL_ENABLE_DEBUG_INFO = INCLUDE_SOURCE;
				MTL_FAST_MATH = YES;
				ONLY_ACTIVE_ARCH = YES;
				SDKROOT = iphoneos;
				SWIFT_ACTIVE_COMPILATION_CONDITIONS = DEBUG;
				SWIFT_OPTIMIZATION_LEVEL = "-Onone";
			};
			name = Debug;
		};
		6450061C2432765D00F7444C /* Release */ = {
			isa = XCBuildConfiguration;
			buildSettings = {
				ALWAYS_SEARCH_USER_PATHS = NO;
				CLANG_ANALYZER_NONNULL = YES;
				CLANG_ANALYZER_NUMBER_OBJECT_CONVERSION = YES_AGGRESSIVE;
				CLANG_CXX_LANGUAGE_STANDARD = "gnu++14";
				CLANG_CXX_LIBRARY = "libc++";
				CLANG_ENABLE_MODULES = YES;
				CLANG_ENABLE_OBJC_ARC = YES;
				CLANG_ENABLE_OBJC_WEAK = YES;
				CLANG_WARN_BLOCK_CAPTURE_AUTORELEASING = YES;
				CLANG_WARN_BOOL_CONVERSION = YES;
				CLANG_WARN_COMMA = YES;
				CLANG_WARN_CONSTANT_CONVERSION = YES;
				CLANG_WARN_DEPRECATED_OBJC_IMPLEMENTATIONS = YES;
				CLANG_WARN_DIRECT_OBJC_ISA_USAGE = YES_ERROR;
				CLANG_WARN_DOCUMENTATION_COMMENTS = YES;
				CLANG_WARN_EMPTY_BODY = YES;
				CLANG_WARN_ENUM_CONVERSION = YES;
				CLANG_WARN_INFINITE_RECURSION = YES;
				CLANG_WARN_INT_CONVERSION = YES;
				CLANG_WARN_NON_LITERAL_NULL_CONVERSION = YES;
				CLANG_WARN_OBJC_IMPLICIT_RETAIN_SELF = YES;
				CLANG_WARN_OBJC_LITERAL_CONVERSION = YES;
				CLANG_WARN_OBJC_ROOT_CLASS = YES_ERROR;
				CLANG_WARN_RANGE_LOOP_ANALYSIS = YES;
				CLANG_WARN_STRICT_PROTOTYPES = YES;
				CLANG_WARN_SUSPICIOUS_MOVE = YES;
				CLANG_WARN_UNGUARDED_AVAILABILITY = YES_AGGRESSIVE;
				CLANG_WARN_UNREACHABLE_CODE = YES;
				CLANG_WARN__DUPLICATE_METHOD_MATCH = YES;
				COPY_PHASE_STRIP = NO;
				DEBUG_INFORMATION_FORMAT = "dwarf-with-dsym";
				ENABLE_NS_ASSERTIONS = NO;
				ENABLE_STRICT_OBJC_MSGSEND = YES;
				GCC_C_LANGUAGE_STANDARD = gnu11;
				GCC_NO_COMMON_BLOCKS = YES;
				GCC_WARN_64_TO_32_BIT_CONVERSION = YES;
				GCC_WARN_ABOUT_RETURN_TYPE = YES_ERROR;
				GCC_WARN_UNDECLARED_SELECTOR = YES;
				GCC_WARN_UNINITIALIZED_AUTOS = YES_AGGRESSIVE;
				GCC_WARN_UNUSED_FUNCTION = YES;
				GCC_WARN_UNUSED_VARIABLE = YES;
				IPHONEOS_DEPLOYMENT_TARGET = 13.2;
				MTL_ENABLE_DEBUG_INFO = NO;
				MTL_FAST_MATH = YES;
				SDKROOT = iphoneos;
				SWIFT_COMPILATION_MODE = wholemodule;
				SWIFT_OPTIMIZATION_LEVEL = "-O";
				VALIDATE_PRODUCT = YES;
			};
			name = Release;
		};
		6450061E2432765D00F7444C /* Debug */ = {
			isa = XCBuildConfiguration;
			buildSettings = {
				ASSETCATALOG_COMPILER_APPICON_NAME = AppIcon;
				CODE_SIGN_STYLE = Automatic;
				DEVELOPMENT_TEAM = 36W374R25V;
				INFOPLIST_FILE = BeeBants/Info.plist;
				LD_RUNPATH_SEARCH_PATHS = (
					"$(inherited)",
					"@executable_path/Frameworks",
				);
				PRODUCT_BUNDLE_IDENTIFIER = BeeBants.BeeBants;
				PRODUCT_NAME = "$(TARGET_NAME)";
				SWIFT_VERSION = 5.0;
				TARGETED_DEVICE_FAMILY = "1,2";
			};
			name = Debug;
		};
		6450061F2432765D00F7444C /* Release */ = {
			isa = XCBuildConfiguration;
			buildSettings = {
				ASSETCATALOG_COMPILER_APPICON_NAME = AppIcon;
				CODE_SIGN_STYLE = Automatic;
				DEVELOPMENT_TEAM = 36W374R25V;
				INFOPLIST_FILE = BeeBants/Info.plist;
				LD_RUNPATH_SEARCH_PATHS = (
					"$(inherited)",
					"@executable_path/Frameworks",
				);
				PRODUCT_BUNDLE_IDENTIFIER = BeeBants.BeeBants;
				PRODUCT_NAME = "$(TARGET_NAME)";
				SWIFT_VERSION = 5.0;
				TARGETED_DEVICE_FAMILY = "1,2";
			};
			name = Release;
		};
/* End XCBuildConfiguration section */

/* Begin XCConfigurationList section */
		645006012432765C00F7444C /* Build configuration list for PBXProject "BeeBants" */ = {
			isa = XCConfigurationList;
			buildConfigurations = (
				6450061B2432765D00F7444C /* Debug */,
				6450061C2432765D00F7444C /* Release */,
			);
			defaultConfigurationIsVisible = 0;
			defaultConfigurationName = Release;
		};
		6450061D2432765D00F7444C /* Build configuration list for PBXNativeTarget "BeeBants" */ = {
			isa = XCConfigurationList;
			buildConfigurations = (
				6450061E2432765D00F7444C /* Debug */,
				6450061F2432765D00F7444C /* Release */,
			);
			defaultConfigurationIsVisible = 0;
			defaultConfigurationName = Release;
		};
/* End XCConfigurationList section */

/* Begin XCVersionGroup section */
		645006122432765C00F7444C /* BeeBants.xcdatamodeld */ = {
			isa = XCVersionGroup;
			children = (
				645006132432765C00F7444C /* BeeBants.xcdatamodel */,
			);
			currentVersion = 645006132432765C00F7444C /* BeeBants.xcdatamodel */;
			path = BeeBants.xcdatamodeld;
			sourceTree = "<group>";
			versionGroupType = wrapper.xcdatamodel;
		};
/* End XCVersionGroup section */
	};
	rootObject = 645005FE2432765C00F7444C /* Project object */;
}
